// !$*UTF8*$!
{
	archiveVersion = 1;
	classes = {
	};
	objectVersion = 46;
	objects = {

/* Begin PBXBuildFile section */
		815888FB1E26C4F300F78B0F /* AppDelegate.swift in Sources */ = {isa = PBXBuildFile; fileRef = 815888FA1E26C4F300F78B0F /* AppDelegate.swift */; };
		815888FD1E26C4F300F78B0F /* ViewController.swift in Sources */ = {isa = PBXBuildFile; fileRef = 815888FC1E26C4F300F78B0F /* ViewController.swift */; };
		815889001E26C4F300F78B0F /* Main.storyboard in Resources */ = {isa = PBXBuildFile; fileRef = 815888FE1E26C4F300F78B0F /* Main.storyboard */; };
		815889021E26C4F300F78B0F /* Assets.xcassets in Resources */ = {isa = PBXBuildFile; fileRef = 815889011E26C4F300F78B0F /* Assets.xcassets */; };
		815889051E26C4F300F78B0F /* LaunchScreen.storyboard in Resources */ = {isa = PBXBuildFile; fileRef = 815889031E26C4F300F78B0F /* LaunchScreen.storyboard */; };
/* End PBXBuildFile section */

/* Begin PBXFileReference section */
		815888F71E26C4F300F78B0F /* iReview.app */ = {isa = PBXFileReference; explicitFileType = wrapper.application; includeInIndex = 0; path = iReview.app; sourceTree = BUILT_PRODUCTS_DIR; };
		815888FA1E26C4F300F78B0F /* AppDelegate.swift */ = {isa = PBXFileReference; lastKnownFileType = sourcecode.swift; path = AppDelegate.swift; sourceTree = "<group>"; };
		815888FC1E26C4F300F78B0F /* ViewController.swift */ = {isa = PBXFileReference; lastKnownFileType = sourcecode.swift; path = ViewController.swift; sourceTree = "<group>"; };
		815888FF1E26C4F300F78B0F /* Base */ = {isa = PBXFileReference; lastKnownFileType = file.storyboard; name = Base; path = Base.lproj/Main.storyboard; sourceTree = "<group>"; };
		815889011E26C4F300F78B0F /* Assets.xcassets */ = {isa = PBXFileReference; lastKnownFileType = folder.assetcatalog; path = Assets.xcassets; sourceTree = "<group>"; };
		815889041E26C4F300F78B0F /* Base */ = {isa = PBXFileReference; lastKnownFileType = file.storyboard; name = Base; path = Base.lproj/LaunchScreen.storyboard; sourceTree = "<group>"; };
		815889061E26C4F300F78B0F /* Info.plist */ = {isa = PBXFileReference; lastKnownFileType = text.plist.xml; path = Info.plist; sourceTree = "<group>"; };
/* End PBXFileReference section */

/* Begin PBXFrameworksBuildPhase section */
		815888F41E26C4F300F78B0F /* Frameworks */ = {
			isa = PBXFrameworksBuildPhase;
			buildActionMask = 2147483647;
			files = (
			);
			runOnlyForDeploymentPostprocessing = 0;
		};
/* End PBXFrameworksBuildPhase section */

/* Begin PBXGroup section */
		815888EE1E26C4F300F78B0F = {
			isa = PBXGroup;
			children = (
				815888F91E26C4F300F78B0F /* iReview */,
				815888F81E26C4F300F78B0F /* Products */,
			);
			sourceTree = "<group>";
		};
		815888F81E26C4F300F78B0F /* Products */ = {
			isa = PBXGroup;
			children = (
				815888F71E26C4F300F78B0F /* iReview.app */,
			);
			name = Products;
			sourceTree = "<group>";
		};
		815888F91E26C4F300F78B0F /* iReview */ = {
			isa = PBXGroup;
			children = (
				815888FA1E26C4F300F78B0F /* AppDelegate.swift */,
				815888FC1E26C4F300F78B0F /* ViewController.swift */,
				815888FE1E26C4F300F78B0F /* Main.storyboard */,
				815889011E26C4F300F78B0F /* Assets.xcassets */,
				815889031E26C4F300F78B0F /* LaunchScreen.storyboard */,
				815889061E26C4F300F78B0F /* Info.plist */,
			);
			path = iReview;
			sourceTree = "<group>";
		};
/* End PBXGroup section */

/* Begin PBXNativeTarget section */
		815888F61E26C4F300F78B0F /* iReview */ = {
			isa = PBXNativeTarget;
			buildConfigurationList = 815889091E26C4F300F78B0F /* Build configuration list for PBXNativeTarget "iReview" */;
			buildPhases = (
				815888F31E26C4F300F78B0F /* Sources */,
				815888F41E26C4F300F78B0F /* Frameworks */,
				815888F51E26C4F300F78B0F /* Resources */,
			);
			buildRules = (
			);
			dependencies = (
			);
			name = iReview;
			productName = iReview;
			productReference = 815888F71E26C4F300F78B0F /* iReview.app */;
			productType = "com.apple.product-type.application";
		};
/* End PBXNativeTarget section */

/* Begin PBXProject section */
		815888EF1E26C4F300F78B0F /* Project object */ = {
			isa = PBXProject;
			attributes = {
				LastSwiftUpdateCheck = 0820;
				LastUpgradeCheck = 0820;
				ORGANIZATIONNAME = "Shane Empie";
				TargetAttributes = {
					815888F61E26C4F300F78B0F = {
						CreatedOnToolsVersion = 8.2.1;
						ProvisioningStyle = Automatic;
					};
				};
			};
			buildConfigurationList = 815888F21E26C4F300F78B0F /* Build configuration list for PBXProject "iReview" */;
			compatibilityVersion = "Xcode 3.2";
			developmentRegion = English;
			hasScannedForEncodings = 0;
			knownRegions = (
				en,
				Base,
			);
			mainGroup = 815888EE1E26C4F300F78B0F;
			productRefGroup = 815888F81E26C4F300F78B0F /* Products */;
			projectDirPath = "";
			projectRoot = "";
			targets = (
				815888F61E26C4F300F78B0F /* iReview */,
			);
		};
/* End PBXProject section */

/* Begin PBXResourcesBuildPhase section */
		815888F51E26C4F300F78B0F /* Resources */ = {
			isa = PBXResourcesBuildPhase;
			buildActionMask = 2147483647;
			files = (
				815889051E26C4F300F78B0F /* LaunchScreen.storyboard in Resources */,
				815889021E26C4F300F78B0F /* Assets.xcassets in Resources */,
				815889001E26C4F300F78B0F /* Main.storyboard in Resources */,
			);
			runOnlyForDeploymentPostprocessing = 0;
		};
/* End PBXResourcesBuildPhase section */

/* Begin PBXSourcesBuildPhase section */
		815888F31E26C4F300F78B0F /* Sources */ = {
			isa = PBXSourcesBuildPhase;
			buildActionMask = 2147483647;
			files = (
				815888FD1E26C4F300F78B0F /* ViewController.swift in Sources */,
				815888FB1E26C4F300F78B0F /* AppDelegate.swift in Sources */,
			);
			runOnlyForDeploymentPostprocessing = 0;
		};
/* End PBXSourcesBuildPhase section */

/* Begin PBXVariantGroup section */
		815888FE1E26C4F300F78B0F /* Main.storyboard */ = {
			isa = PBXVariantGroup;
			children = (
				815888FF1E26C4F300F78B0F /* Base */,
			);
			name = Main.storyboard;
			sourceTree = "<group>";
		};
		815889031E26C4F300F78B0F /* LaunchScreen.storyboard */ = {
			isa = PBXVariantGroup;
			children = (
				815889041E26C4F300F78B0F /* Base */,
			);
			name = LaunchScreen.storyboard;
			sourceTree = "<group>";
		};
/* End PBXVariantGroup section */

/* Begin XCBuildConfiguration section */
		815889071E26C4F300F78B0F /* Debug */ = {
			isa = XCBuildConfiguration;
			buildSettings = {
				ALWAYS_SEARCH_USER_PATHS = NO;
				CLANG_ANALYZER_NONNULL = YES;
				CLANG_CXX_LANGUAGE_STANDARD = "gnu++0x";
				CLANG_CXX_LIBRARY = "libc++";
				CLANG_ENABLE_MODULES = YES;
				CLANG_ENABLE_OBJC_ARC = YES;
				CLANG_WARN_BOOL_CONVERSION = YES;
				CLANG_WARN_CONSTANT_CONVERSION = YES;
				CLANG_WARN_DIRECT_OBJC_ISA_USAGE = YES_ERROR;
				CLANG_WARN_DOCUMENTATION_COMMENTS = YES;
				CLANG_WARN_EMPTY_BODY = YES;
				CLANG_WARN_ENUM_CONVERSION = YES;
				CLANG_WARN_INFINITE_RECURSION = YES;
				CLANG_WARN_INT_CONVERSION = YES;
				CLANG_WARN_OBJC_ROOT_CLASS = YES_ERROR;
				CLANG_WARN_SUSPICIOUS_MOVE = YES;
				CLANG_WARN_UNREACHABLE_CODE = YES;
				CLANG_WARN__DUPLICATE_METHOD_MATCH = YES;
				"CODE_SIGN_IDENTITY[sdk=iphoneos*]" = "iPhone Developer";
				COPY_PHASE_STRIP = NO;
				DEBUG_INFORMATION_FORMAT = dwarf;
				ENABLE_STRICT_OBJC_MSGSEND = YES;
				ENABLE_TESTABILITY = YES;
				GCC_C_LANGUAGE_STANDARD = gnu99;
				GCC_DYNAMIC_NO_PIC = NO;
				GCC_NO_COMMON_BLOCKS = YES;
				GCC_OPTIMIZATION_LEVEL = 0;
				GCC_PREPROCESSOR_DEFINITIONS = (
					"DEBUG=1",
					"$(inherited)",
				);
				GCC_WARN_64_TO_32_BIT_CONVERSION = YES;
				GCC_WARN_ABOUT_RETURN_TYPE = YES_ERROR;
				GCC_WARN_UNDECLARED_SELECTOR = YES;
				GCC_WARN_UNINITIALIZED_AUTOS = YES_AGGRESSIVE;
				GCC_WARN_UNUSED_FUNCTION = YES;
				GCC_WARN_UNUSED_VARIABLE = YES;
				IPHONEOS_DEPLOYMENT_TARGET = 10.2;
				MTL_ENABLE_DEBUG_INFO = YES;
				ONLY_ACTIVE_ARCH = YES;
				SDKROOT = iphoneos;
				SWIFT_ACTIVE_COMPILATION_CONDITIONS = DEBUG;
				SWIFT_OPTIMIZATION_LEVEL = "-Onone";
				TARGETED_DEVICE_FAMILY = "1,2";
			};
			name = Debug;
		};
		815889081E26C4F300F78B0F /* Release */ = {
			isa = XCBuildConfiguration;
			buildSettings = {
				ALWAYS_SEARCH_USER_PATHS = NO;
				CLANG_ANALYZER_NONNULL = YES;
				CLANG_CXX_LANGUAGE_STANDARD = "gnu++0x";
				CLANG_CXX_LIBRARY = "libc++";
				CLANG_ENABLE_MODULES = YES;
				CLANG_ENABLE_OBJC_ARC = YES;
				CLANG_WARN_BOOL_CONVERSION = YES;
				CLANG_WARN_CONSTANT_CONVERSION = YES;
				CLANG_WARN_DIRECT_OBJC_ISA_USAGE = YES_ERROR;
				CLANG_WARN_DOCUMENTATION_COMMENTS = YES;
				CLANG_WARN_EMPTY_BODY = YES;
				CLANG_WARN_ENUM_CONVERSION = YES;
				CLANG_WARN_INFINITE_RECURSION = YES;
				CLANG_WARN_INT_CONVERSION = YES;
				CLANG_WARN_OBJC_ROOT_CLASS = YES_ERROR;
				CLANG_WARN_SUSPICIOUS_MOVE = YES;
				CLANG_WARN_UNREACHABLE_CODE = YES;
				CLANG_WARN__DUPLICATE_METHOD_MATCH = YES;
				"CODE_SIGN_IDENTITY[sdk=iphoneos*]" = "iPhone Developer";
				COPY_PHASE_STRIP = NO;
				DEBUG_INFORMATION_FORMAT = "dwarf-with-dsym";
				ENABLE_NS_ASSERTIONS = NO;
				ENABLE_STRICT_OBJC_MSGSEND = YES;
				GCC_C_LANGUAGE_STANDARD = gnu99;
				GCC_NO_COMMON_BLOCKS = YES;
				GCC_WARN_64_TO_32_BIT_CONVERSION = YES;
				GCC_WARN_ABOUT_RETURN_TYPE = YES_ERROR;
				GCC_WARN_UNDECLARED_SELECTOR = YES;
				GCC_WARN_UNINITIALIZED_AUTOS = YES_AGGRESSIVE;
				GCC_WARN_UNUSED_FUNCTION = YES;
				GCC_WARN_UNUSED_VARIABLE = YES;
				IPHONEOS_DEPLOYMENT_TARGET = 10.2;
				MTL_ENABLE_DEBUG_INFO = NO;
				SDKROOT = iphoneos;
				SWIFT_OPTIMIZATION_LEVEL = "-Owholemodule";
				TARGETED_DEVICE_FAMILY = "1,2";
				VALIDATE_PRODUCT = YES;
			};
			name = Release;
		};
		8158890A1E26C4F300F78B0F /* Debug */ = {
			isa = XCBuildConfiguration;
			buildSettings = {
				ASSETCATALOG_COMPILER_APPICON_NAME = AppIcon;
				INFOPLIST_FILE = iReview/Info.plist;
				LD_RUNPATH_SEARCH_PATHS = "$(inherited) @executable_path/Frameworks";
				PRODUCT_BUNDLE_IDENTIFIER = wccnet.edu.sempie.iReview;
				PRODUCT_NAME = "$(TARGET_NAME)";
				SWIFT_VERSION = 3.0;
			};
			name = Debug;
		};
		8158890B1E26C4F300F78B0F /* Release */ = {
			isa = XCBuildConfiguration;
			buildSettings = {
				ASSETCATALOG_COMPILER_APPICON_NAME = AppIcon;
				INFOPLIST_FILE = iReview/Info.plist;
				LD_RUNPATH_SEARCH_PATHS = "$(inherited) @executable_path/Frameworks";
				PRODUCT_BUNDLE_IDENTIFIER = wccnet.edu.sempie.iReview;
				PRODUCT_NAME = "$(TARGET_NAME)";
				SWIFT_VERSION = 3.0;
			};
			name = Release;
		};
/* End XCBuildConfiguration section */

/* Begin XCConfigurationList section */
		815888F21E26C4F300F78B0F /* Build configuration list for PBXProject "iReview" */ = {
			isa = XCConfigurationList;
			buildConfigurations = (
				815889071E26C4F300F78B0F /* Debug */,
				815889081E26C4F300F78B0F /* Release */,
			);
			defaultConfigurationIsVisible = 0;
			defaultConfigurationName = Release;
		};
		815889091E26C4F300F78B0F /* Build configuration list for PBXNativeTarget "iReview" */ = {
			isa = XCConfigurationList;
			buildConfigurations = (
				8158890A1E26C4F300F78B0F /* Debug */,
				8158890B1E26C4F300F78B0F /* Release */,
			);
			defaultConfigurationIsVisible = 0;
		};
/* End XCConfigurationList section */
	};
	rootObject = 815888EF1E26C4F300F78B0F /* Project object */;
}
